
Microsoft Visual Studio Solution File, Format Version 12.00
# Visual Studio Version 17
VisualStudioVersion = 17.9.34728.123
MinimumVisualStudioVersion = 10.0.40219.1
Project("{FAE04EC0-301F-11D3-BF4B-00C04F79EFBC}") = "CourseProject", "CourseProject.csproj", "{F2557E50-4B0C-43B1-B16C-F12B009E4A52}"
EndProject
Global
	GlobalSection(SolutionConfigurationPlatforms) = preSolution
		Debug|Any CPU = Debug|Any CPU
		Release|Any CPU = Release|Any CPU
	EndGlobalSection
	GlobalSection(ProjectConfigurationPlatforms) = postSolution
		{F2557E50-4B0C-43B1-B16C-F12B009E4A52}.Debug|Any CPU.ActiveCfg = Debug|Any CPU
		{F2557E50-4B0C-43B1-B16C-F12B009E4A52}.Debug|Any CPU.Build.0 = Debug|Any CPU
		{F2557E50-4B0C-43B1-B16C-F12B009E4A52}.Release|Any CPU.ActiveCfg = Release|Any CPU
		{F2557E50-4B0C-43B1-B16C-F12B009E4A52}.Release|Any CPU.Build.0 = Release|Any CPU
	EndGlobalSection
	GlobalSection(SolutionProperties) = preSolution
		HideSolutionNode = FALSE
	EndGlobalSection
	GlobalSection(ExtensibilityGlobals) = postSolution
		SolutionGuid = {88AD3864-5065-4970-9AE8-5F344D6039E1}
	EndGlobalSection
EndGlobal
